[[package]]
category = "dev"
description = "Atomic file writes."
marker = "sys_platform == \"win32\""
name = "atomicwrites"
optional = false
python-versions = ">=2.7, !=3.0.*, !=3.1.*, !=3.2.*, !=3.3.*"
version = "1.4.0"

[[package]]
category = "dev"
description = "Classes Without Boilerplate"
name = "attrs"
optional = false
python-versions = ">=2.7, !=3.0.*, !=3.1.*, !=3.2.*, !=3.3.*"
version = "20.2.0"

[package.extras]
dev = ["coverage (>=5.0.2)", "hypothesis", "pympler", "pytest (>=4.3.0)", "six", "zope.interface", "sphinx", "sphinx-rtd-theme", "pre-commit"]
docs = ["sphinx", "sphinx-rtd-theme", "zope.interface"]
tests = ["coverage (>=5.0.2)", "hypothesis", "pympler", "pytest (>=4.3.0)", "six", "zope.interface"]
tests_no_zope = ["coverage (>=5.0.2)", "hypothesis", "pympler", "pytest (>=4.3.0)", "six"]

[[package]]
category = "dev"
description = "A tool that automatically formats Python code to conform to the PEP 8 style guide"
name = "autopep8"
optional = false
python-versions = "*"
version = "1.5.4"

[package.dependencies]
pycodestyle = ">=2.6.0"
toml = "*"

[[package]]
category = "dev"
description = "Cross-platform colored terminal text."
marker = "sys_platform == \"win32\""
name = "colorama"
optional = false
python-versions = ">=2.7, !=3.0.*, !=3.1.*, !=3.2.*, !=3.3.*, !=3.4.*"
version = "0.4.3"

[[package]]
category = "dev"
description = "Code coverage measurement for Python"
name = "coverage"
optional = false
python-versions = ">=2.7, !=3.0.*, !=3.1.*, !=3.2.*, !=3.3.*, !=3.4.*, <4"
version = "5.3"

[package.extras]
toml = ["toml"]

[[package]]
category = "main"
description = "Faker is a Python package that generates fake data for you."
name = "faker"
optional = false
python-versions = ">=3.5"
version = "4.1.3"

[package.dependencies]
python-dateutil = ">=2.4"
text-unidecode = "1.3"

[[package]]
category = "dev"
description = "the modular source code checker: pep8 pyflakes and co"
name = "flake8"
optional = false
python-versions = "!=3.0.*,!=3.1.*,!=3.2.*,!=3.3.*,>=2.7"
version = "3.8.3"

[package.dependencies]
mccabe = ">=0.6.0,<0.7.0"
pycodestyle = ">=2.6.0a1,<2.7.0"
pyflakes = ">=2.2.0,<2.3.0"

[[package]]
category = "dev"
description = "iniconfig: brain-dead simple config-ini parsing"
name = "iniconfig"
optional = false
python-versions = "*"
version = "1.0.1"

[[package]]
category = "dev"
description = "McCabe checker, plugin for flake8"
name = "mccabe"
optional = false
python-versions = "*"
version = "0.6.1"

[[package]]
category = "dev"
description = "More routines for operating on iterables, beyond itertools"
name = "more-itertools"
optional = false
python-versions = ">=3.5"
version = "8.5.0"

[[package]]
category = "dev"
description = "Core utilities for Python packages"
name = "packaging"
optional = false
python-versions = ">=2.7, !=3.0.*, !=3.1.*, !=3.2.*, !=3.3.*"
version = "20.4"

[package.dependencies]
pyparsing = ">=2.0.2"
six = "*"

[[package]]
category = "dev"
description = "plugin and hook calling mechanisms for python"
name = "pluggy"
optional = false
python-versions = ">=2.7, !=3.0.*, !=3.1.*, !=3.2.*, !=3.3.*"
version = "0.13.1"

[package.extras]
dev = ["pre-commit", "tox"]

[[package]]
category = "dev"
description = "library with cross-python path, ini-parsing, io, code, log facilities"
name = "py"
optional = false
python-versions = ">=2.7, !=3.0.*, !=3.1.*, !=3.2.*, !=3.3.*"
version = "1.9.0"

[[package]]
category = "dev"
description = "Python style guide checker"
name = "pycodestyle"
optional = false
python-versions = ">=2.7, !=3.0.*, !=3.1.*, !=3.2.*, !=3.3.*"
version = "2.6.0"

[[package]]
category = "dev"
description = "passive checker of Python programs"
name = "pyflakes"
optional = false
python-versions = ">=2.7, !=3.0.*, !=3.1.*, !=3.2.*, !=3.3.*"
version = "2.2.0"

[[package]]
category = "dev"
description = "Python parsing module"
name = "pyparsing"
optional = false
python-versions = ">=2.6, !=3.0.*, !=3.1.*, !=3.2.*"
version = "2.4.7"

[[package]]
category = "dev"
description = "pytest: simple powerful testing with Python"
name = "pytest"
optional = false
python-versions = ">=3.5"
version = "6.0.2"

[package.dependencies]
atomicwrites = ">=1.0"
attrs = ">=17.4.0"
colorama = "*"
iniconfig = "*"
more-itertools = ">=4.0.0"
packaging = "*"
pluggy = ">=0.12,<1.0"
py = ">=1.8.2"
toml = "*"

[package.extras]
checkqa_mypy = ["mypy (0.780)"]
testing = ["argcomplete", "hypothesis (>=3.56)", "mock", "nose", "requests", "xmlschema"]

[[package]]
category = "dev"
description = "Pytest plugin for measuring coverage."
name = "pytest-cov"
optional = false
python-versions = ">=2.7, !=3.0.*, !=3.1.*, !=3.2.*, !=3.3.*, !=3.4.*"
version = "2.10.1"

[package.dependencies]
coverage = ">=4.4"
pytest = ">=4.6"

[package.extras]
testing = ["fields", "hunter", "process-tests (2.0.2)", "six", "pytest-xdist", "virtualenv"]

[[package]]
category = "dev"
description = "pytest plugin to check FLAKE8 requirements"
name = "pytest-flake8"
optional = false
python-versions = "*"
version = "1.0.6"

[package.dependencies]
flake8 = ">=3.5"
pytest = ">=3.5"

[[package]]
category = "main"
description = "Extensions to the standard Python datetime module"
name = "python-dateutil"
optional = false
python-versions = "!=3.0.*,!=3.1.*,!=3.2.*,>=2.7"
version = "2.8.1"

[package.dependencies]
six = ">=1.5"

[[package]]
category = "dev"
description = "a python refactoring library..."
name = "rope"
optional = false
python-versions = "*"
version = "0.17.0"

[package.extras]
dev = ["pytest"]

[[package]]
category = "main"
description = "Python 2 and 3 compatibility utilities"
name = "six"
optional = false
python-versions = ">=2.7, !=3.0.*, !=3.1.*, !=3.2.*"
version = "1.15.0"

[[package]]
category = "main"
description = "The most basic Text::Unidecode port"
name = "text-unidecode"
optional = false
python-versions = "*"
version = "1.3"

[[package]]
category = "dev"
description = "Python Library for Tom's Obvious, Minimal Language"
name = "toml"
optional = false
python-versions = "*"
version = "0.10.1"

[metadata]
content-hash = "745852e3fdc25d0c814c40ef8ca291e8da1168a56ef46064e41bff17d0df026d"
lock-version = "1.0"
python-versions = "^3.8"

[metadata.files]
atomicwrites = [
    {file = "atomicwrites-1.4.0-py2.py3-none-any.whl", hash = "sha256:6d1784dea7c0c8d4a5172b6c620f40b6e4cbfdf96d783691f2e1302a7b88e197"},
    {file = "atomicwrites-1.4.0.tar.gz", hash = "sha256:ae70396ad1a434f9c7046fd2dd196fc04b12f9e91ffb859164193be8b6168a7a"},
]
attrs = [
    {file = "attrs-20.2.0-py2.py3-none-any.whl", hash = "sha256:fce7fc47dfc976152e82d53ff92fa0407700c21acd20886a13777a0d20e655dc"},
    {file = "attrs-20.2.0.tar.gz", hash = "sha256:26b54ddbbb9ee1d34d5d3668dd37d6cf74990ab23c828c2888dccdceee395594"},
]
autopep8 = [
    {file = "autopep8-1.5.4.tar.gz", hash = "sha256:d21d3901cb0da6ebd1e83fc9b0dfbde8b46afc2ede4fe32fbda0c7c6118ca094"},
]
colorama = [
    {file = "colorama-0.4.3-py2.py3-none-any.whl", hash = "sha256:7d73d2a99753107a36ac6b455ee49046802e59d9d076ef8e47b61499fa29afff"},
    {file = "colorama-0.4.3.tar.gz", hash = "sha256:e96da0d330793e2cb9485e9ddfd918d456036c7149416295932478192f4436a1"},
]
coverage = [
    {file = "coverage-5.3-cp27-cp27m-macosx_10_13_intel.whl", hash = "sha256:bd3166bb3b111e76a4f8e2980fa1addf2920a4ca9b2b8ca36a3bc3dedc618270"},
    {file = "coverage-5.3-cp27-cp27m-macosx_10_9_x86_64.whl", hash = "sha256:9342dd70a1e151684727c9c91ea003b2fb33523bf19385d4554f7897ca0141d4"},
    {file = "coverage-5.3-cp27-cp27m-manylinux1_i686.whl", hash = "sha256:63808c30b41f3bbf65e29f7280bf793c79f54fb807057de7e5238ffc7cc4d7b9"},
    {file = "coverage-5.3-cp27-cp27m-manylinux1_x86_64.whl", hash = "sha256:4d6a42744139a7fa5b46a264874a781e8694bb32f1d76d8137b68138686f1729"},
    {file = "coverage-5.3-cp27-cp27m-win32.whl", hash = "sha256:86e9f8cd4b0cdd57b4ae71a9c186717daa4c5a99f3238a8723f416256e0b064d"},
    {file = "coverage-5.3-cp27-cp27m-win_amd64.whl", hash = "sha256:7858847f2d84bf6e64c7f66498e851c54de8ea06a6f96a32a1d192d846734418"},
    {file = "coverage-5.3-cp27-cp27mu-manylinux1_i686.whl", hash = "sha256:530cc8aaf11cc2ac7430f3614b04645662ef20c348dce4167c22d99bec3480e9"},
    {file = "coverage-5.3-cp27-cp27mu-manylinux1_x86_64.whl", hash = "sha256:381ead10b9b9af5f64646cd27107fb27b614ee7040bb1226f9c07ba96625cbb5"},
    {file = "coverage-5.3-cp35-cp35m-macosx_10_13_x86_64.whl", hash = "sha256:71b69bd716698fa62cd97137d6f2fdf49f534decb23a2c6fc80813e8b7be6822"},
    {file = "coverage-5.3-cp35-cp35m-manylinux1_i686.whl", hash = "sha256:1d44bb3a652fed01f1f2c10d5477956116e9b391320c94d36c6bf13b088a1097"},
    {file = "coverage-5.3-cp35-cp35m-manylinux1_x86_64.whl", hash = "sha256:1c6703094c81fa55b816f5ae542c6ffc625fec769f22b053adb42ad712d086c9"},
    {file = "coverage-5.3-cp35-cp35m-win32.whl", hash = "sha256:cedb2f9e1f990918ea061f28a0f0077a07702e3819602d3507e2ff98c8d20636"},
    {file = "coverage-5.3-cp35-cp35m-win_amd64.whl", hash = "sha256:7f43286f13d91a34fadf61ae252a51a130223c52bfefb50310d5b2deb062cf0f"},
    {file = "coverage-5.3-cp36-cp36m-macosx_10_13_x86_64.whl", hash = "sha256:c851b35fc078389bc16b915a0a7c1d5923e12e2c5aeec58c52f4aa8085ac8237"},
    {file = "coverage-5.3-cp36-cp36m-manylinux1_i686.whl", hash = "sha256:aac1ba0a253e17889550ddb1b60a2063f7474155465577caa2a3b131224cfd54"},
    {file = "coverage-5.3-cp36-cp36m-manylinux1_x86_64.whl", hash = "sha256:2b31f46bf7b31e6aa690d4c7a3d51bb262438c6dcb0d528adde446531d0d3bb7"},
    {file = "coverage-5.3-cp36-cp36m-win32.whl", hash = "sha256:c5f17ad25d2c1286436761b462e22b5020d83316f8e8fcb5deb2b3151f8f1d3a"},
    {file = "coverage-5.3-cp36-cp36m-win_amd64.whl", hash = "sha256:aef72eae10b5e3116bac6957de1df4d75909fc76d1499a53fb6387434b6bcd8d"},
    {file = "coverage-5.3-cp37-cp37m-macosx_10_13_x86_64.whl", hash = "sha256:e8caf961e1b1a945db76f1b5fa9c91498d15f545ac0ababbe575cfab185d3bd8"},
    {file = "coverage-5.3-cp37-cp37m-manylinux1_i686.whl", hash = "sha256:29a6272fec10623fcbe158fdf9abc7a5fa032048ac1d8631f14b50fbfc10d17f"},
    {file = "coverage-5.3-cp37-cp37m-manylinux1_x86_64.whl", hash = "sha256:2d43af2be93ffbad25dd959899b5b809618a496926146ce98ee0b23683f8c51c"},
    {file = "coverage-5.3-cp37-cp37m-win32.whl", hash = "sha256:c3888a051226e676e383de03bf49eb633cd39fc829516e5334e69b8d81aae751"},
    {file = "coverage-5.3-cp37-cp37m-win_amd64.whl", hash = "sha256:9669179786254a2e7e57f0ecf224e978471491d660aaca833f845b72a2df3709"},
    {file = "coverage-5.3-cp38-cp38-macosx_10_9_x86_64.whl", hash = "sha256:0203acd33d2298e19b57451ebb0bed0ab0c602e5cf5a818591b4918b1f97d516"},
    {file = "coverage-5.3-cp38-cp38-manylinux1_i686.whl", hash = "sha256:582ddfbe712025448206a5bc45855d16c2e491c2dd102ee9a2841418ac1c629f"},
    {file = "coverage-5.3-cp38-cp38-manylinux1_x86_64.whl", hash = "sha256:0f313707cdecd5cd3e217fc68c78a960b616604b559e9ea60cc16795c4304259"},
    {file = "coverage-5.3-cp38-cp38-win32.whl", hash = "sha256:78e93cc3571fd928a39c0b26767c986188a4118edc67bc0695bc7a284da22e82"},
    {file = "coverage-5.3-cp38-cp38-win_amd64.whl", hash = "sha256:8f264ba2701b8c9f815b272ad568d555ef98dfe1576802ab3149c3629a9f2221"},
    {file = "coverage-5.3-cp39-cp39-macosx_10_13_x86_64.whl", hash = "sha256:50691e744714856f03a86df3e2bff847c2acede4c191f9a1da38f088df342978"},
    {file = "coverage-5.3-cp39-cp39-manylinux1_i686.whl", hash = "sha256:9361de40701666b034c59ad9e317bae95c973b9ff92513dd0eced11c6adf2e21"},
    {file = "coverage-5.3-cp39-cp39-manylinux1_x86_64.whl", hash = "sha256:c1b78fb9700fc961f53386ad2fd86d87091e06ede5d118b8a50dea285a071c24"},
    {file = "coverage-5.3-cp39-cp39-win32.whl", hash = "sha256:cb7df71de0af56000115eafd000b867d1261f786b5eebd88a0ca6360cccfaca7"},
    {file = "coverage-5.3-cp39-cp39-win_amd64.whl", hash = "sha256:47a11bdbd8ada9b7ee628596f9d97fbd3851bd9999d398e9436bd67376dbece7"},
    {file = "coverage-5.3.tar.gz", hash = "sha256:280baa8ec489c4f542f8940f9c4c2181f0306a8ee1a54eceba071a449fb870a0"},
]
faker = [
    {file = "Faker-4.1.3-py3-none-any.whl", hash = "sha256:80bab8d46035a7393de827210c5d39c17109d3346d131946bde622137120c496"},
    {file = "Faker-4.1.3.tar.gz", hash = "sha256:075a95ac4c95765370919d787dcd958acfaea635005ad5af4d926cb0973800db"},
]
flake8 = [
    {file = "flake8-3.8.3-py2.py3-none-any.whl", hash = "sha256:15e351d19611c887e482fb960eae4d44845013cc142d42896e9862f775d8cf5c"},
    {file = "flake8-3.8.3.tar.gz", hash = "sha256:f04b9fcbac03b0a3e58c0ab3a0ecc462e023a9faf046d57794184028123aa208"},
]
iniconfig = [
    {file = "iniconfig-1.0.1-py3-none-any.whl", hash = "sha256:80cf40c597eb564e86346103f609d74efce0f6b4d4f30ec8ce9e2c26411ba437"},
    {file = "iniconfig-1.0.1.tar.gz", hash = "sha256:e5f92f89355a67de0595932a6c6c02ab4afddc6fcdc0bfc5becd0d60884d3f69"},
]
mccabe = [
    {file = "mccabe-0.6.1-py2.py3-none-any.whl", hash = "sha256:ab8a6258860da4b6677da4bd2fe5dc2c659cff31b3ee4f7f5d64e79735b80d42"},
    {file = "mccabe-0.6.1.tar.gz", hash = "sha256:dd8d182285a0fe56bace7f45b5e7d1a6ebcbf524e8f3bd87eb0f125271b8831f"},
]
more-itertools = [
    {file = "more-itertools-8.5.0.tar.gz", hash = "sha256:6f83822ae94818eae2612063a5101a7311e68ae8002005b5e05f03fd74a86a20"},
    {file = "more_itertools-8.5.0-py3-none-any.whl", hash = "sha256:9b30f12df9393f0d28af9210ff8efe48d10c94f73e5daf886f10c4b0b0b4f03c"},
]
packaging = [
    {file = "packaging-20.4-py2.py3-none-any.whl", hash = "sha256:998416ba6962ae7fbd6596850b80e17859a5753ba17c32284f67bfff33784181"},
    {file = "packaging-20.4.tar.gz", hash = "sha256:4357f74f47b9c12db93624a82154e9b120fa8293699949152b22065d556079f8"},
]
pluggy = [
    {file = "pluggy-0.13.1-py2.py3-none-any.whl", hash = "sha256:966c145cd83c96502c3c3868f50408687b38434af77734af1e9ca461a4081d2d"},
    {file = "pluggy-0.13.1.tar.gz", hash = "sha256:15b2acde666561e1298d71b523007ed7364de07029219b604cf808bfa1c765b0"},
]
py = [
    {file = "py-1.9.0-py2.py3-none-any.whl", hash = "sha256:366389d1db726cd2fcfc79732e75410e5fe4d31db13692115529d34069a043c2"},
    {file = "py-1.9.0.tar.gz", hash = "sha256:9ca6883ce56b4e8da7e79ac18787889fa5206c79dcc67fb065376cd2fe03f342"},
]
pycodestyle = [
    {file = "pycodestyle-2.6.0-py2.py3-none-any.whl", hash = "sha256:2295e7b2f6b5bd100585ebcb1f616591b652db8a741695b3d8f5d28bdc934367"},
    {file = "pycodestyle-2.6.0.tar.gz", hash = "sha256:c58a7d2815e0e8d7972bf1803331fb0152f867bd89adf8a01dfd55085434192e"},
]
pyflakes = [
    {file = "pyflakes-2.2.0-py2.py3-none-any.whl", hash = "sha256:0d94e0e05a19e57a99444b6ddcf9a6eb2e5c68d3ca1e98e90707af8152c90a92"},
    {file = "pyflakes-2.2.0.tar.gz", hash = "sha256:35b2d75ee967ea93b55750aa9edbbf72813e06a66ba54438df2cfac9e3c27fc8"},
]
pyparsing = [
    {file = "pyparsing-2.4.7-py2.py3-none-any.whl", hash = "sha256:ef9d7589ef3c200abe66653d3f1ab1033c3c419ae9b9bdb1240a85b024efc88b"},
    {file = "pyparsing-2.4.7.tar.gz", hash = "sha256:c203ec8783bf771a155b207279b9bccb8dea02d8f0c9e5f8ead507bc3246ecc1"},
]
pytest = [
    {file = "pytest-6.0.2-py3-none-any.whl", hash = "sha256:0e37f61339c4578776e090c3b8f6b16ce4db333889d65d0efb305243ec544b40"},
    {file = "pytest-6.0.2.tar.gz", hash = "sha256:c8f57c2a30983f469bf03e68cdfa74dc474ce56b8f280ddcb080dfd91df01043"},
]
pytest-cov = [
    {file = "pytest-cov-2.10.1.tar.gz", hash = "sha256:47bd0ce14056fdd79f93e1713f88fad7bdcc583dcd7783da86ef2f085a0bb88e"},
    {file = "pytest_cov-2.10.1-py2.py3-none-any.whl", hash = "sha256:45ec2d5182f89a81fc3eb29e3d1ed3113b9e9a873bcddb2a71faaab066110191"},
]
pytest-flake8 = [
    {file = "pytest-flake8-1.0.6.tar.gz", hash = "sha256:1b82bb58c88eb1db40524018d3fcfd0424575029703b4e2d8e3ee873f2b17027"},
    {file = "pytest_flake8-1.0.6-py2.py3-none-any.whl", hash = "sha256:2e91578ecd9b200066f99c1e1de0f510fbb85bcf43712d46ea29fe47607cc234"},
]
python-dateutil = [
    {file = "python-dateutil-2.8.1.tar.gz", hash = "sha256:73ebfe9dbf22e832286dafa60473e4cd239f8592f699aa5adaf10050e6e1823c"},
    {file = "python_dateutil-2.8.1-py2.py3-none-any.whl", hash = "sha256:75bb3f31ea686f1197762692a9ee6a7550b59fc6ca3a1f4b5d7e32fb98e2da2a"},
]
rope = [
    {file = "rope-0.17.0.tar.gz", hash = "sha256:658ad6705f43dcf3d6df379da9486529cf30e02d9ea14c5682aa80eb33b649e1"},
]
six = [
    {file = "six-1.15.0-py2.py3-none-any.whl", hash = "sha256:8b74bedcbbbaca38ff6d7491d76f2b06b3592611af620f8426e82dddb04a5ced"},
    {file = "six-1.15.0.tar.gz", hash = "sha256:30639c035cdb23534cd4aa2dd52c3bf48f06e5f4a941509c8bafd8ce11080259"},
]
text-unidecode = [
    {file = "text-unidecode-1.3.tar.gz", hash = "sha256:bad6603bb14d279193107714b288be206cac565dfa49aa5b105294dd5c4aab93"},
    {file = "text_unidecode-1.3-py2.py3-none-any.whl", hash = "sha256:1311f10e8b895935241623731c2ba64f4c455287888b18189350b67134a822e8"},
]
toml = [
    {file = "toml-0.10.1-py2.py3-none-any.whl", hash = "sha256:bda89d5935c2eac546d648028b9901107a595863cb36bae0c73ac804a9b4ce88"},
    {file = "toml-0.10.1.tar.gz", hash = "sha256:926b612be1e5ce0634a2ca03470f95169cf16f939018233a670519cb4ac58b0f"},
]
